PODS:
  - CocoaLumberjack (3.2.0):
    - CocoaLumberjack/Default (= 3.2.0)
    - CocoaLumberjack/Extensions (= 3.2.0)
  - CocoaLumberjack/Default (3.2.0)
  - CocoaLumberjack/Extensions (3.2.0):
    - CocoaLumberjack/Default
  - FBRetainCycleDetector (0.1.4)
  - Flurry-iOS-SDK/FlurrySDK (8.1.0)
  - MLeaksFinder (1.0.0):
    - FBRetainCycleDetector

DEPENDENCIES:
  - CocoaLumberjack
  - FBRetainCycleDetector
  - Flurry-iOS-SDK/FlurrySDK
  - MLeaksFinder

SPEC REPOS:
  https://github.com/cocoapods/specs.git:
    - CocoaLumberjack
    - FBRetainCycleDetector
    - Flurry-iOS-SDK
    - MLeaksFinder

SPEC CHECKSUMS:
  CocoaLumberjack: 9b4aed7073d242f29cc2f62068d995faf67f703a
  FBRetainCycleDetector: 46f8179bbb1c587deee3ea838a1a3ee02acf5015
  Flurry-iOS-SDK: 51065be4436f3e21fc8d3d7bb0b7d6869df6333d
  MLeaksFinder: 8c435bd2f6d070af18cff082b503b21adc130fc0

PODFILE CHECKSUM: b7068664d5320534776c245277ce61557f155dbd

COCOAPODS: 1.5.3
